{
  "version": "3",
  "packages": {
    "specifiers": {
      "npm:@octokit/rest@20.0.2": "npm:@octokit/rest@20.0.2_@octokit+core@5.0.2"
    },
    "npm": {
      "@octokit/auth-token@4.0.0": {
        "integrity": "sha512-tY/msAuJo6ARbK6SPIxZrPBms3xPbfwBrulZe0Wtr/DIY9lje2HeV1uoebShn6mx7SjCHif6EjMvoREj+gZ+SA==",
        "dependencies": {}
      },
      "@octokit/core@5.0.2": {
        "integrity": "sha512-cZUy1gUvd4vttMic7C0lwPed8IYXWYp8kHIMatyhY8t8n3Cpw2ILczkV5pGMPqef7v0bLo0pOHrEHarsau2Ydg==",
        "dependencies": {
          "@octokit/auth-token": "@octokit/auth-token@4.0.0",
          "@octokit/graphql": "@octokit/graphql@7.0.2",
          "@octokit/request": "@octokit/request@8.1.6",
          "@octokit/request-error": "@octokit/request-error@5.0.1",
          "@octokit/types": "@octokit/types@12.4.0",
          "before-after-hook": "before-after-hook@2.2.3",
          "universal-user-agent": "universal-user-agent@6.0.1"
        }
      },
      "@octokit/endpoint@9.0.4": {
        "integrity": "sha512-DWPLtr1Kz3tv8L0UvXTDP1fNwM0S+z6EJpRcvH66orY6Eld4XBMCSYsaWp4xIm61jTWxK68BrR7ibO+vSDnZqw==",
        "dependencies": {
          "@octokit/types": "@octokit/types@12.4.0",
          "universal-user-agent": "universal-user-agent@6.0.1"
        }
      },
      "@octokit/graphql@7.0.2": {
        "integrity": "sha512-OJ2iGMtj5Tg3s6RaXH22cJcxXRi7Y3EBqbHTBRq+PQAqfaS8f/236fUrWhfSn8P4jovyzqucxme7/vWSSZBX2Q==",
        "dependencies": {
          "@octokit/request": "@octokit/request@8.1.6",
          "@octokit/types": "@octokit/types@12.4.0",
          "universal-user-agent": "universal-user-agent@6.0.1"
        }
      },
      "@octokit/openapi-types@19.1.0": {
        "integrity": "sha512-6G+ywGClliGQwRsjvqVYpklIfa7oRPA0vyhPQG/1Feh+B+wU0vGH1JiJ5T25d3g1JZYBHzR2qefLi9x8Gt+cpw==",
        "dependencies": {}
      },
      "@octokit/plugin-paginate-rest@9.1.5_@octokit+core@5.0.2": {
        "integrity": "sha512-WKTQXxK+bu49qzwv4qKbMMRXej1DU2gq017euWyKVudA6MldaSSQuxtz+vGbhxV4CjxpUxjZu6rM2wfc1FiWVg==",
        "dependencies": {
          "@octokit/core": "@octokit/core@5.0.2",
          "@octokit/types": "@octokit/types@12.4.0"
        }
      },
      "@octokit/plugin-request-log@4.0.0_@octokit+core@5.0.2": {
        "integrity": "sha512-2uJI1COtYCq8Z4yNSnM231TgH50bRkheQ9+aH8TnZanB6QilOnx8RMD2qsnamSOXtDj0ilxvevf5fGsBhBBzKA==",
        "dependencies": {
          "@octokit/core": "@octokit/core@5.0.2"
        }
      },
      "@octokit/plugin-rest-endpoint-methods@10.2.0_@octokit+core@5.0.2": {
        "integrity": "sha512-ePbgBMYtGoRNXDyKGvr9cyHjQ163PbwD0y1MkDJCpkO2YH4OeXX40c4wYHKikHGZcpGPbcRLuy0unPUuafco8Q==",
        "dependencies": {
          "@octokit/core": "@octokit/core@5.0.2",
          "@octokit/types": "@octokit/types@12.4.0"
        }
      },
      "@octokit/request-error@5.0.1": {
        "integrity": "sha512-X7pnyTMV7MgtGmiXBwmO6M5kIPrntOXdyKZLigNfQWSEQzVxR4a4vo49vJjTWX70mPndj8KhfT4Dx+2Ng3vnBQ==",
        "dependencies": {
          "@octokit/types": "@octokit/types@12.4.0",
          "deprecation": "deprecation@2.3.1",
          "once": "once@1.4.0"
        }
      },
      "@octokit/request@8.1.6": {
        "integrity": "sha512-YhPaGml3ncZC1NfXpP3WZ7iliL1ap6tLkAp6MvbK2fTTPytzVUyUesBBogcdMm86uRYO5rHaM1xIWxigWZ17MQ==",
        "dependencies": {
          "@octokit/endpoint": "@octokit/endpoint@9.0.4",
          "@octokit/request-error": "@octokit/request-error@5.0.1",
          "@octokit/types": "@octokit/types@12.4.0",
          "universal-user-agent": "universal-user-agent@6.0.1"
        }
      },
      "@octokit/rest@20.0.2_@octokit+core@5.0.2": {
        "integrity": "sha512-Ux8NDgEraQ/DMAU1PlAohyfBBXDwhnX2j33Z1nJNziqAfHi70PuxkFYIcIt8aIAxtRE7KVuKp8lSR8pA0J5iOQ==",
        "dependencies": {
          "@octokit/core": "@octokit/core@5.0.2",
          "@octokit/plugin-paginate-rest": "@octokit/plugin-paginate-rest@9.1.5_@octokit+core@5.0.2",
          "@octokit/plugin-request-log": "@octokit/plugin-request-log@4.0.0_@octokit+core@5.0.2",
          "@octokit/plugin-rest-endpoint-methods": "@octokit/plugin-rest-endpoint-methods@10.2.0_@octokit+core@5.0.2"
        }
      },
      "@octokit/types@12.4.0": {
        "integrity": "sha512-FLWs/AvZllw/AGVs+nJ+ELCDZZJk+kY0zMen118xhL2zD0s1etIUHm1odgjP7epxYU1ln7SZxEUWYop5bhsdgQ==",
        "dependencies": {
          "@octokit/openapi-types": "@octokit/openapi-types@19.1.0"
        }
      },
      "before-after-hook@2.2.3": {
        "integrity": "sha512-NzUnlZexiaH/46WDhANlyR2bXRopNg4F/zuSA3OpZnllCUgRaOF2znDioDWrmbNVsuZk6l9pMquQB38cfBZwkQ==",
        "dependencies": {}
      },
      "deprecation@2.3.1": {
        "integrity": "sha512-xmHIy4F3scKVwMsQ4WnVaS8bHOx0DmVwRywosKhaILI0ywMDWPtBSku2HNxRvF7jtwDRsoEwYQSfbxj8b7RlJQ==",
        "dependencies": {}
      },
      "once@1.4.0": {
        "integrity": "sha512-lNaJgI+2Q5URQBkccEKHTQOPaXdUxnZZElQTZY0MFUAuaEqe1E+Nyvgdz/aIyNi6Z9MzO5dv1H8n58/GELp3+w==",
        "dependencies": {
          "wrappy": "wrappy@1.0.2"
        }
      },
      "universal-user-agent@6.0.1": {
        "integrity": "sha512-yCzhz6FN2wU1NiiQRogkTQszlQSlpWaw8SvVegAc+bDxbzHgh1vX8uIe8OYyMH6DwH+sdTJsgMl36+mSMdRJIQ==",
        "dependencies": {}
      },
      "wrappy@1.0.2": {
        "integrity": "sha512-l4Sp/DRseor9wL6EvV2+TuQn63dMkPjZ/sp9XkghTEbV9KlPS1xUsZ3u7/IQO4wxtcFB4bgpQPRcR3QCvezPcQ==",
        "dependencies": {}
      }
    }
  },
  "remote": {
    "https://deno.land/std@0.212.0/collections/sum_of.ts": "a7617a77c2501a54dedf50bc4211ca6c06c9678eee00c31a63e187cc8f0b3b97"
  }
}
